
Microsoft Visual Studio Solution File, Format Version 12.00
# Visual Studio 15
VisualStudioVersion = 15.0.27130.2036
MinimumVisualStudioVersion = 10.0.40219.1
Project("{FAE04EC0-301F-11D3-BF4B-00C04F79EFBC}") = "WPFUI", "WPFUI\WPFUI.csproj", "{B96BBA1B-E905-48D7-BCE5-C8780B2EB59F}"
EndProject
Global
	GlobalSection(SolutionConfigurationPlatforms) = preSolution
		Debug|Any CPU = Debug|Any CPU
		Release|Any CPU = Release|Any CPU
	EndGlobalSection
	GlobalSection(ProjectConfigurationPlatforms) = postSolution
		{B96BBA1B-E905-48D7-BCE5-C8780B2EB59F}.Debug|Any CPU.ActiveCfg = Debug|Any CPU
		{B96BBA1B-E905-48D7-BCE5-C8780B2EB59F}.Debug|Any CPU.Build.0 = Debug|Any CPU
		{B96BBA1B-E905-48D7-BCE5-C8780B2EB59F}.Release|Any CPU.ActiveCfg = Release|Any CPU
		{B96BBA1B-E905-48D7-BCE5-C8780B2EB59F}.Release|Any CPU.Build.0 = Release|Any CPU
	EndGlobalSection
	GlobalSection(SolutionProperties) = preSolution
		HideSolutionNode = FALSE
	EndGlobalSection
	GlobalSection(ExtensibilityGlobals) = postSolution
		SolutionGuid = {4084F5E5-2921-4B4A-A755-5BCB6588BA40}
	EndGlobalSection
EndGlobal
